// !$*UTF8*$!
{
	archiveVersion = 1;
	classes = {
	};
	objectVersion = 77;
	objects = {

/* Begin PBXBuildFile section */
		0A0B3543CB349FB0E938DA64 /* DisplayManagerServiceProtocol.swift in Sources */ = {isa = PBXBuildFile; fileRef = DDC56D9E13E8CF12E6C3F7CF /* DisplayManagerServiceProtocol.swift */; };
		1741FEAF77971DB08809B891 /* OverlayContentView.swift in Sources */ = {isa = PBXBuildFile; fileRef = 935C3F8D0E8BD8DC3C96A9F1 /* OverlayContentView.swift */; };
		18BF9CA0C56CFF496D47AB89 /* BadgePosition.swift in Sources */ = {isa = PBXBuildFile; fileRef = CA5AD6B448A2BE905505CBDC /* BadgePosition.swift */; };
		1CEDC21F46344E77055F0413 /* UnlockWiringTests.swift in Sources */ = {isa = PBXBuildFile; fileRef = D9E7809A17442EE9FBF8B994 /* UnlockWiringTests.swift */; };
		1D41F09BAD2A63B00BF51F84 /* AppState.swift in Sources */ = {isa = PBXBuildFile; fileRef = 8BE7AFACDF1367EAAFB9AA95 /* AppState.swift */; };
		2B528987611A8F2B5C25BB72 /* BlueGradientBackground.swift in Sources */ = {isa = PBXBuildFile; fileRef = 3C54706574D3562B081EE4F6 /* BlueGradientBackground.swift */; };
		2D9E363B26FBBCD9BE8FEBAA /* MenuBarViewTests.swift in Sources */ = {isa = PBXBuildFile; fileRef = C94BFE2DE574DCA63CD6555A /* MenuBarViewTests.swift */; };
		2EE257DEA0E7C667613FABD8 /* OverlayWindow.swift in Sources */ = {isa = PBXBuildFile; fileRef = F5C10E149EC545E37E5171BD /* OverlayWindow.swift */; };
		3770D1AC9654140557D80FBE /* VIGApp.swift in Sources */ = {isa = PBXBuildFile; fileRef = 8A364D7F5C528612731088E3 /* VIGApp.swift */; };
		37760284D5F61566B6CDC204 /* DisplayManagerServiceTests.swift in Sources */ = {isa = PBXBuildFile; fileRef = 1E08BC6FD7E94719621BA51C /* DisplayManagerServiceTests.swift */; };
		3BAAA9CC9E1A3DA3B72D49B8 /* AuthenticationService.swift in Sources */ = {isa = PBXBuildFile; fileRef = E0B24AB2B19024480B0170E4 /* AuthenticationService.swift */; };
		3CF567297A751098EDC84345 /* Assets.xcassets in Resources */ = {isa = PBXBuildFile; fileRef = 27EF1C6D0DC35ACDF56A8FB3 /* Assets.xcassets */; };
		487E1205647A790B900DEB7E /* AppDelegate.swift in Sources */ = {isa = PBXBuildFile; fileRef = 4A4A304F0167A7FC4B48DB34 /* AppDelegate.swift */; };
		52D10D58CE824F56B9E00AB3 /* LockState.swift in Sources */ = {isa = PBXBuildFile; fileRef = 0FDDCAEAE22B14BEA34D2694 /* LockState.swift */; };
		56669F2170AB882772BFA5AB /* LockManagerTests.swift in Sources */ = {isa = PBXBuildFile; fileRef = C61B249D2A31C6406D47FC58 /* LockManagerTests.swift */; };
		58D7692D4E4A2D9120AD13A8 /* BackgroundView.swift in Sources */ = {isa = PBXBuildFile; fileRef = B19943A738D6CFE770F75E12 /* BackgroundView.swift */; };
		592DCC918A329D69E68A554E /* OverlayStyle.swift in Sources */ = {isa = PBXBuildFile; fileRef = 4FE1D5A3D3DD6802E5D541D0 /* OverlayStyle.swift */; };
		71E30E81530C6139211AFF3F /* VIGTests.swift in Sources */ = {isa = PBXBuildFile; fileRef = F53369881300B79D5865BBEE /* VIGTests.swift */; };
		769681F195B85477D83301F2 /* BlurredSnapshotBackground.swift in Sources */ = {isa = PBXBuildFile; fileRef = A568191D7F386E5A23319A55 /* BlurredSnapshotBackground.swift */; };
		79B448B4B1E3C00AB25FF781 /* VisibleLockBadge.swift in Sources */ = {isa = PBXBuildFile; fileRef = 4DC795D3B25CC84B794D2497 /* VisibleLockBadge.swift */; };
		7A4A9B19455F964BF4580DB3 /* GlobalShortcutServiceTests.swift in Sources */ = {isa = PBXBuildFile; fileRef = 9E7ED5828635EF057ECE79EF /* GlobalShortcutServiceTests.swift */; };
		7CF3F0547C7F2314A5284C68 /* LockBadgeView.swift in Sources */ = {isa = PBXBuildFile; fileRef = 084827B54EF977EBD8B80524 /* LockBadgeView.swift */; };
		81BD78667B56238732983CBB /* DarkDimmedBackground.swift in Sources */ = {isa = PBXBuildFile; fileRef = D30F6FE4ED4521C6231A9456 /* DarkDimmedBackground.swift */; };
		882D342FEB94B1CBB8EDF6A2 /* MockInputBlockingService.swift in Sources */ = {isa = PBXBuildFile; fileRef = FEEC7F2CE12E700646F678CF /* MockInputBlockingService.swift */; };
		894DAAEBF744E7596F065A5F /* MockDisplayManagerService.swift in Sources */ = {isa = PBXBuildFile; fileRef = E71B9AD9F24C08DBCAF36272 /* MockDisplayManagerService.swift */; };
		8F180F7E4586E23C0CAC607D /* MenuBarView.swift in Sources */ = {isa = PBXBuildFile; fileRef = 8A0EFBD1EA01873FE6A9B183 /* MenuBarView.swift */; };
		9374BD6EEF5CC959F340FA91 /* LockMode.swift in Sources */ = {isa = PBXBuildFile; fileRef = 27F9CE09EDE4073D0DD91DF6 /* LockMode.swift */; };
		93E2507713BCD7E6DACCFEFE /* MinimalBlackBackground.swift in Sources */ = {isa = PBXBuildFile; fileRef = 231D4914B8C945B8C77D493E /* MinimalBlackBackground.swift */; };
		9776E923D1D55A19AEBBB443 /* GlobalShortcutService.swift in Sources */ = {isa = PBXBuildFile; fileRef = 64DB4953D7F95A0262D81EF6 /* GlobalShortcutService.swift */; };
		9B8102420471740750B3EBFA /* AuthenticationServiceProtocol.swift in Sources */ = {isa = PBXBuildFile; fileRef = B4757B2F29CD424F8D10C227 /* AuthenticationServiceProtocol.swift */; };
		9C470D6C4C192F3E9925995F /* DisplayManagerService.swift in Sources */ = {isa = PBXBuildFile; fileRef = 952D2B6129BE0E33E73F9C1C /* DisplayManagerService.swift */; };
		9E8F1FEF84EC16C2DC76CB60 /* SleepPreventionServiceProtocol.swift in Sources */ = {isa = PBXBuildFile; fileRef = FAD535C21F7D4A5F1AC49552 /* SleepPreventionServiceProtocol.swift */; };
		9EA1907293DA3AD330541E8C /* LockUnlockIntegrationTests.swift in Sources */ = {isa = PBXBuildFile; fileRef = ECF449331A6C02029567B661 /* LockUnlockIntegrationTests.swift */; };
		ACD0A30DAA0BA55759E40A6E /* AppSettings.swift in Sources */ = {isa = PBXBuildFile; fileRef = F7F6D6CCC79559C870F798A2 /* AppSettings.swift */; };
		B1BE8F60165A113DFB791B0A /* CrashRecoveryTests.swift in Sources */ = {isa = PBXBuildFile; fileRef = FD071DB940327D21DAE5FCDF /* CrashRecoveryTests.swift */; };
		B891A185E37C88BFCDCA38B4 /* ClockView.swift in Sources */ = {isa = PBXBuildFile; fileRef = F21D2DEF2214C0236DE61D64 /* ClockView.swift */; };
		B998B5C9BB4FEE2021D89594 /* InputBlockingServiceProtocol.swift in Sources */ = {isa = PBXBuildFile; fileRef = F27437EC8E503A96A45CE89B /* InputBlockingServiceProtocol.swift */; };
		BCD8883A2B9A7C40797E419E /* SleepPreventionServiceTests.swift in Sources */ = {isa = PBXBuildFile; fileRef = E496ABBFAF3FDF3A7BBE9340 /* SleepPreventionServiceTests.swift */; };
		BE83F4605CAB8CA33514FEB6 /* InputBlockingService.swift in Sources */ = {isa = PBXBuildFile; fileRef = 48D1B22BF5457A4F28E26668 /* InputBlockingService.swift */; };
		C4334BB0158346CE2AD9499F /* SettingsView.swift in Sources */ = {isa = PBXBuildFile; fileRef = EAF0236FC996BD9F14F9C653 /* SettingsView.swift */; };
		C6F2CC3324FFAB05224CD8AB /* LockManager.swift in Sources */ = {isa = PBXBuildFile; fileRef = FD6E15905C8636D95DA79A3A /* LockManager.swift */; };
		CF4D7B488B809603E495B9FD /* UnlockButton.swift in Sources */ = {isa = PBXBuildFile; fileRef = 36BAAF83E28B8836AF04BBFA /* UnlockButton.swift */; };
		D01BB3E4EF9F5E909D0B9DD3 /* DataModelTests.swift in Sources */ = {isa = PBXBuildFile; fileRef = D68B68FC8C319FC1A4BEE3BF /* DataModelTests.swift */; };
		D7C47CA692B74D7D01CDAB74 /* AuthenticationServiceTests.swift in Sources */ = {isa = PBXBuildFile; fileRef = B61602E7400D557301612069 /* AuthenticationServiceTests.swift */; };
		DA5006211E4BFB903E8AE097 /* MockAuthenticationService.swift in Sources */ = {isa = PBXBuildFile; fileRef = C1AD3D9594F6DBDF3F2981FD /* MockAuthenticationService.swift */; };
		DCC0541256F53EE1A17B0BB2 /* MockSleepPreventionService.swift in Sources */ = {isa = PBXBuildFile; fileRef = 696E102C000BE5801C287E03 /* MockSleepPreventionService.swift */; };
		DEB4EB8F6A0F5BFEE38B4871 /* InputBlockingServiceTests.swift in Sources */ = {isa = PBXBuildFile; fileRef = C9A75DEDE1D82ECA4000D94E /* InputBlockingServiceTests.swift */; };
		E8B6B71FB048B8CAFDD0B2C6 /* GraphiteGradientBackground.swift in Sources */ = {isa = PBXBuildFile; fileRef = 7E5459B50B1CC3253CD69EC6 /* GraphiteGradientBackground.swift */; };
		E8BE82E0FD40D8742439931B /* SettingsViewTests.swift in Sources */ = {isa = PBXBuildFile; fileRef = 6BC27845C5998D5B2380A107 /* SettingsViewTests.swift */; };
		F80444751D34BEEC6F3DD8B5 /* SleepPreventionService.swift in Sources */ = {isa = PBXBuildFile; fileRef = BDF769E1CA500EF65DB42AD8 /* SleepPreventionService.swift */; };
/* End PBXBuildFile section */

/* Begin PBXContainerItemProxy section */
		3F7B1C4C5C3AF800189D0C0C /* PBXContainerItemProxy */ = {
			isa = PBXContainerItemProxy;
			containerPortal = 2171B6E0E71429C80C35FBE9 /* Project object */;
			proxyType = 1;
			remoteGlobalIDString = 6161E4DB5FF004CE4CB88A49;
			remoteInfo = Vigil;
		};
/* End PBXContainerItemProxy section */

/* Begin PBXFileReference section */
		084827B54EF977EBD8B80524 /* LockBadgeView.swift */ = {isa = PBXFileReference; lastKnownFileType = sourcecode.swift; path = LockBadgeView.swift; sourceTree = "<group>"; };
		0FDDCAEAE22B14BEA34D2694 /* LockState.swift */ = {isa = PBXFileReference; lastKnownFileType = sourcecode.swift; path = LockState.swift; sourceTree = "<group>"; };
		1E08BC6FD7E94719621BA51C /* DisplayManagerServiceTests.swift */ = {isa = PBXFileReference; lastKnownFileType = sourcecode.swift; path = DisplayManagerServiceTests.swift; sourceTree = "<group>"; };
		231D4914B8C945B8C77D493E /* MinimalBlackBackground.swift */ = {isa = PBXFileReference; lastKnownFileType = sourcecode.swift; path = MinimalBlackBackground.swift; sourceTree = "<group>"; };
		27EF1C6D0DC35ACDF56A8FB3 /* Assets.xcassets */ = {isa = PBXFileReference; lastKnownFileType = folder.assetcatalog; path = Assets.xcassets; sourceTree = "<group>"; };
		27F9CE09EDE4073D0DD91DF6 /* LockMode.swift */ = {isa = PBXFileReference; lastKnownFileType = sourcecode.swift; path = LockMode.swift; sourceTree = "<group>"; };
		36BAAF83E28B8836AF04BBFA /* UnlockButton.swift */ = {isa = PBXFileReference; lastKnownFileType = sourcecode.swift; path = UnlockButton.swift; sourceTree = "<group>"; };
		3C54706574D3562B081EE4F6 /* BlueGradientBackground.swift */ = {isa = PBXFileReference; lastKnownFileType = sourcecode.swift; path = BlueGradientBackground.swift; sourceTree = "<group>"; };
		48D1B22BF5457A4F28E26668 /* InputBlockingService.swift */ = {isa = PBXFileReference; lastKnownFileType = sourcecode.swift; path = InputBlockingService.swift; sourceTree = "<group>"; };
		4A4A304F0167A7FC4B48DB34 /* AppDelegate.swift */ = {isa = PBXFileReference; lastKnownFileType = sourcecode.swift; path = AppDelegate.swift; sourceTree = "<group>"; };
		4DC795D3B25CC84B794D2497 /* VisibleLockBadge.swift */ = {isa = PBXFileReference; lastKnownFileType = sourcecode.swift; path = VisibleLockBadge.swift; sourceTree = "<group>"; };
		4FE1D5A3D3DD6802E5D541D0 /* OverlayStyle.swift */ = {isa = PBXFileReference; lastKnownFileType = sourcecode.swift; path = OverlayStyle.swift; sourceTree = "<group>"; };
		64DB4953D7F95A0262D81EF6 /* GlobalShortcutService.swift */ = {isa = PBXFileReference; lastKnownFileType = sourcecode.swift; path = GlobalShortcutService.swift; sourceTree = "<group>"; };
		696E102C000BE5801C287E03 /* MockSleepPreventionService.swift */ = {isa = PBXFileReference; lastKnownFileType = sourcecode.swift; path = MockSleepPreventionService.swift; sourceTree = "<group>"; };
		6BC27845C5998D5B2380A107 /* SettingsViewTests.swift */ = {isa = PBXFileReference; lastKnownFileType = sourcecode.swift; path = SettingsViewTests.swift; sourceTree = "<group>"; };
		7E5459B50B1CC3253CD69EC6 /* GraphiteGradientBackground.swift */ = {isa = PBXFileReference; lastKnownFileType = sourcecode.swift; path = GraphiteGradientBackground.swift; sourceTree = "<group>"; };
		7EED9EE4625BA666A333D45B /* Vigil.entitlements */ = {isa = PBXFileReference; lastKnownFileType = text.plist.entitlements; path = Vigil.entitlements; sourceTree = "<group>"; };
		8A0EFBD1EA01873FE6A9B183 /* MenuBarView.swift */ = {isa = PBXFileReference; lastKnownFileType = sourcecode.swift; path = MenuBarView.swift; sourceTree = "<group>"; };
		8A364D7F5C528612731088E3 /* VIGApp.swift */ = {isa = PBXFileReference; lastKnownFileType = sourcecode.swift; path = VIGApp.swift; sourceTree = "<group>"; };
		8BE7AFACDF1367EAAFB9AA95 /* AppState.swift */ = {isa = PBXFileReference; lastKnownFileType = sourcecode.swift; path = AppState.swift; sourceTree = "<group>"; };
		912FD6BD1C509153ABF121C3 /* VIGTests.xctest */ = {isa = PBXFileReference; explicitFileType = wrapper.cfbundle; includeInIndex = 0; path = VIGTests.xctest; sourceTree = BUILT_PRODUCTS_DIR; };
		935C3F8D0E8BD8DC3C96A9F1 /* OverlayContentView.swift */ = {isa = PBXFileReference; lastKnownFileType = sourcecode.swift; path = OverlayContentView.swift; sourceTree = "<group>"; };
		952D2B6129BE0E33E73F9C1C /* DisplayManagerService.swift */ = {isa = PBXFileReference; lastKnownFileType = sourcecode.swift; path = DisplayManagerService.swift; sourceTree = "<group>"; };
		9E7ED5828635EF057ECE79EF /* GlobalShortcutServiceTests.swift */ = {isa = PBXFileReference; lastKnownFileType = sourcecode.swift; path = GlobalShortcutServiceTests.swift; sourceTree = "<group>"; };
		A568191D7F386E5A23319A55 /* BlurredSnapshotBackground.swift */ = {isa = PBXFileReference; lastKnownFileType = sourcecode.swift; path = BlurredSnapshotBackground.swift; sourceTree = "<group>"; };
		B19943A738D6CFE770F75E12 /* BackgroundView.swift */ = {isa = PBXFileReference; lastKnownFileType = sourcecode.swift; path = BackgroundView.swift; sourceTree = "<group>"; };
		B4757B2F29CD424F8D10C227 /* AuthenticationServiceProtocol.swift */ = {isa = PBXFileReference; lastKnownFileType = sourcecode.swift; path = AuthenticationServiceProtocol.swift; sourceTree = "<group>"; };
		B61602E7400D557301612069 /* AuthenticationServiceTests.swift */ = {isa = PBXFileReference; lastKnownFileType = sourcecode.swift; path = AuthenticationServiceTests.swift; sourceTree = "<group>"; };
		B85D36572956AF65600CE196 /* Vigil.app */ = {isa = PBXFileReference; explicitFileType = wrapper.application; includeInIndex = 0; path = Vigil.app; sourceTree = BUILT_PRODUCTS_DIR; };
		BDF769E1CA500EF65DB42AD8 /* SleepPreventionService.swift */ = {isa = PBXFileReference; lastKnownFileType = sourcecode.swift; path = SleepPreventionService.swift; sourceTree = "<group>"; };
		C1AD3D9594F6DBDF3F2981FD /* MockAuthenticationService.swift */ = {isa = PBXFileReference; lastKnownFileType = sourcecode.swift; path = MockAuthenticationService.swift; sourceTree = "<group>"; };
		C61B249D2A31C6406D47FC58 /* LockManagerTests.swift */ = {isa = PBXFileReference; lastKnownFileType = sourcecode.swift; path = LockManagerTests.swift; sourceTree = "<group>"; };
		C94BFE2DE574DCA63CD6555A /* MenuBarViewTests.swift */ = {isa = PBXFileReference; lastKnownFileType = sourcecode.swift; path = MenuBarViewTests.swift; sourceTree = "<group>"; };
		C9A75DEDE1D82ECA4000D94E /* InputBlockingServiceTests.swift */ = {isa = PBXFileReference; lastKnownFileType = sourcecode.swift; path = InputBlockingServiceTests.swift; sourceTree = "<group>"; };
		CA5AD6B448A2BE905505CBDC /* BadgePosition.swift */ = {isa = PBXFileReference; lastKnownFileType = sourcecode.swift; path = BadgePosition.swift; sourceTree = "<group>"; };
		D30F6FE4ED4521C6231A9456 /* DarkDimmedBackground.swift */ = {isa = PBXFileReference; lastKnownFileType = sourcecode.swift; path = DarkDimmedBackground.swift; sourceTree = "<group>"; };
		D68B68FC8C319FC1A4BEE3BF /* DataModelTests.swift */ = {isa = PBXFileReference; lastKnownFileType = sourcecode.swift; path = DataModelTests.swift; sourceTree = "<group>"; };
		D9E7809A17442EE9FBF8B994 /* UnlockWiringTests.swift */ = {isa = PBXFileReference; lastKnownFileType = sourcecode.swift; path = UnlockWiringTests.swift; sourceTree = "<group>"; };
		DDC56D9E13E8CF12E6C3F7CF /* DisplayManagerServiceProtocol.swift */ = {isa = PBXFileReference; lastKnownFileType = sourcecode.swift; path = DisplayManagerServiceProtocol.swift; sourceTree = "<group>"; };
		E07CD5E07408D958348EFD1A /* Info.plist */ = {isa = PBXFileReference; lastKnownFileType = text.plist; path = Info.plist; sourceTree = "<group>"; };
		E0B24AB2B19024480B0170E4 /* AuthenticationService.swift */ = {isa = PBXFileReference; lastKnownFileType = sourcecode.swift; path = AuthenticationService.swift; sourceTree = "<group>"; };
		E496ABBFAF3FDF3A7BBE9340 /* SleepPreventionServiceTests.swift */ = {isa = PBXFileReference; lastKnownFileType = sourcecode.swift; path = SleepPreventionServiceTests.swift; sourceTree = "<group>"; };
		E71B9AD9F24C08DBCAF36272 /* MockDisplayManagerService.swift */ = {isa = PBXFileReference; lastKnownFileType = sourcecode.swift; path = MockDisplayManagerService.swift; sourceTree = "<group>"; };
		EAF0236FC996BD9F14F9C653 /* SettingsView.swift */ = {isa = PBXFileReference; lastKnownFileType = sourcecode.swift; path = SettingsView.swift; sourceTree = "<group>"; };
		ECF449331A6C02029567B661 /* LockUnlockIntegrationTests.swift */ = {isa = PBXFileReference; lastKnownFileType = sourcecode.swift; path = LockUnlockIntegrationTests.swift; sourceTree = "<group>"; };
		F21D2DEF2214C0236DE61D64 /* ClockView.swift */ = {isa = PBXFileReference; lastKnownFileType = sourcecode.swift; path = ClockView.swift; sourceTree = "<group>"; };
		F27437EC8E503A96A45CE89B /* InputBlockingServiceProtocol.swift */ = {isa = PBXFileReference; lastKnownFileType = sourcecode.swift; path = InputBlockingServiceProtocol.swift; sourceTree = "<group>"; };
		F53369881300B79D5865BBEE /* VIGTests.swift */ = {isa = PBXFileReference; lastKnownFileType = sourcecode.swift; path = VIGTests.swift; sourceTree = "<group>"; };
		F5C10E149EC545E37E5171BD /* OverlayWindow.swift */ = {isa = PBXFileReference; lastKnownFileType = sourcecode.swift; path = OverlayWindow.swift; sourceTree = "<group>"; };
		F7F6D6CCC79559C870F798A2 /* AppSettings.swift */ = {isa = PBXFileReference; lastKnownFileType = sourcecode.swift; path = AppSettings.swift; sourceTree = "<group>"; };
		FAD535C21F7D4A5F1AC49552 /* SleepPreventionServiceProtocol.swift */ = {isa = PBXFileReference; lastKnownFileType = sourcecode.swift; path = SleepPreventionServiceProtocol.swift; sourceTree = "<group>"; };
		FD071DB940327D21DAE5FCDF /* CrashRecoveryTests.swift */ = {isa = PBXFileReference; lastKnownFileType = sourcecode.swift; path = CrashRecoveryTests.swift; sourceTree = "<group>"; };
		FD6E15905C8636D95DA79A3A /* LockManager.swift */ = {isa = PBXFileReference; lastKnownFileType = sourcecode.swift; path = LockManager.swift; sourceTree = "<group>"; };
		FEEC7F2CE12E700646F678CF /* MockInputBlockingService.swift */ = {isa = PBXFileReference; lastKnownFileType = sourcecode.swift; path = MockInputBlockingService.swift; sourceTree = "<group>"; };
/* End PBXFileReference section */

/* Begin PBXGroup section */
		01EA2E3505B33036EF402E2E /* Backgrounds */ = {
			isa = PBXGroup;
			children = (
				B19943A738D6CFE770F75E12 /* BackgroundView.swift */,
				3C54706574D3562B081EE4F6 /* BlueGradientBackground.swift */,
				A568191D7F386E5A23319A55 /* BlurredSnapshotBackground.swift */,
				D30F6FE4ED4521C6231A9456 /* DarkDimmedBackground.swift */,
				7E5459B50B1CC3253CD69EC6 /* GraphiteGradientBackground.swift */,
				231D4914B8C945B8C77D493E /* MinimalBlackBackground.swift */,
			);
			path = Backgrounds;
			sourceTree = "<group>";
		};
		1BD63CE8560CDF0EAB970434 /* Features */ = {
			isa = PBXGroup;
			children = (
				D0E8AEDC42204484A07A8E7C /* Lock */,
				B668B880068B57EF2BB3009D /* MenuBar */,
				FBA6322E9F9D60E2A88DE0BF /* Overlay */,
				78EBBC1C3CC1D9002C36D3A1 /* Settings */,
			);
			path = Features;
			sourceTree = "<group>";
		};
		446B7538353C7ECA4005A068 /* VIGTests */ = {
			isa = PBXGroup;
			children = (
				B61602E7400D557301612069 /* AuthenticationServiceTests.swift */,
				FD071DB940327D21DAE5FCDF /* CrashRecoveryTests.swift */,
				D68B68FC8C319FC1A4BEE3BF /* DataModelTests.swift */,
				1E08BC6FD7E94719621BA51C /* DisplayManagerServiceTests.swift */,
				9E7ED5828635EF057ECE79EF /* GlobalShortcutServiceTests.swift */,
				C9A75DEDE1D82ECA4000D94E /* InputBlockingServiceTests.swift */,
				C61B249D2A31C6406D47FC58 /* LockManagerTests.swift */,
				ECF449331A6C02029567B661 /* LockUnlockIntegrationTests.swift */,
				C94BFE2DE574DCA63CD6555A /* MenuBarViewTests.swift */,
				6BC27845C5998D5B2380A107 /* SettingsViewTests.swift */,
				E496ABBFAF3FDF3A7BBE9340 /* SleepPreventionServiceTests.swift */,
				D9E7809A17442EE9FBF8B994 /* UnlockWiringTests.swift */,
				F53369881300B79D5865BBEE /* VIGTests.swift */,
				465E22A3BC940C27670D1C08 /* Mocks */,
			);
			path = VIGTests;
			sourceTree = "<group>";
		};
		465E22A3BC940C27670D1C08 /* Mocks */ = {
			isa = PBXGroup;
			children = (
				C1AD3D9594F6DBDF3F2981FD /* MockAuthenticationService.swift */,
				E71B9AD9F24C08DBCAF36272 /* MockDisplayManagerService.swift */,
				FEEC7F2CE12E700646F678CF /* MockInputBlockingService.swift */,
				696E102C000BE5801C287E03 /* MockSleepPreventionService.swift */,
			);
			path = Mocks;
			sourceTree = "<group>";
		};
		47C3AC6150A6F96DB2279671 /* InputBlocking */ = {
			isa = PBXGroup;
			children = (
				48D1B22BF5457A4F28E26668 /* InputBlockingService.swift */,
				F27437EC8E503A96A45CE89B /* InputBlockingServiceProtocol.swift */,
			);
			path = InputBlocking;
			sourceTree = "<group>";
		};
		4A659D3912540E80695152E7 /* Models */ = {
			isa = PBXGroup;
			children = (
				F7F6D6CCC79559C870F798A2 /* AppSettings.swift */,
				CA5AD6B448A2BE905505CBDC /* BadgePosition.swift */,
				27F9CE09EDE4073D0DD91DF6 /* LockMode.swift */,
				0FDDCAEAE22B14BEA34D2694 /* LockState.swift */,
				4FE1D5A3D3DD6802E5D541D0 /* OverlayStyle.swift */,
			);
			path = Models;
			sourceTree = "<group>";
		};
		54EF67625E12CC5BF692B224 /* Resources */ = {
			isa = PBXGroup;
			children = (
				27EF1C6D0DC35ACDF56A8FB3 /* Assets.xcassets */,
				E07CD5E07408D958348EFD1A /* Info.plist */,
				7EED9EE4625BA666A333D45B /* Vigil.entitlements */,
			);
			path = Resources;
			sourceTree = "<group>";
		};
		78EBBC1C3CC1D9002C36D3A1 /* Settings */ = {
			isa = PBXGroup;
			children = (
				EAF0236FC996BD9F14F9C653 /* SettingsView.swift */,
			);
			path = Settings;
			sourceTree = "<group>";
		};
		81ED5F54E59304974B3AAD30 /* SleepPrevention */ = {
			isa = PBXGroup;
			children = (
				BDF769E1CA500EF65DB42AD8 /* SleepPreventionService.swift */,
				FAD535C21F7D4A5F1AC49552 /* SleepPreventionServiceProtocol.swift */,
			);
			path = SleepPrevention;
			sourceTree = "<group>";
		};
		950EF132B6196A0A7FC1BA63 /* GlobalShortcut */ = {
			isa = PBXGroup;
			children = (
				64DB4953D7F95A0262D81EF6 /* GlobalShortcutService.swift */,
			);
			path = GlobalShortcut;
			sourceTree = "<group>";
		};
		992B83762E2C36747F2A9A79 /* Products */ = {
			isa = PBXGroup;
			children = (
				B85D36572956AF65600CE196 /* Vigil.app */,
				912FD6BD1C509153ABF121C3 /* VIGTests.xctest */,
			);
			name = Products;
			sourceTree = "<group>";
		};
		B668B880068B57EF2BB3009D /* MenuBar */ = {
			isa = PBXGroup;
			children = (
				8A0EFBD1EA01873FE6A9B183 /* MenuBarView.swift */,
			);
			path = MenuBar;
			sourceTree = "<group>";
		};
		BDC1E4C65901963933A40496 = {
			isa = PBXGroup;
			children = (
				D558645DED43326B339E8444 /* Vigil */,
				446B7538353C7ECA4005A068 /* VIGTests */,
				992B83762E2C36747F2A9A79 /* Products */,
			);
			sourceTree = "<group>";
		};
		C18DDF856543E2805AE09295 /* DisplayManager */ = {
			isa = PBXGroup;
			children = (
				952D2B6129BE0E33E73F9C1C /* DisplayManagerService.swift */,
				DDC56D9E13E8CF12E6C3F7CF /* DisplayManagerServiceProtocol.swift */,
			);
			path = DisplayManager;
			sourceTree = "<group>";
		};
		D0E8AEDC42204484A07A8E7C /* Lock */ = {
			isa = PBXGroup;
			children = (
				FD6E15905C8636D95DA79A3A /* LockManager.swift */,
			);
			path = Lock;
			sourceTree = "<group>";
		};
		D558645DED43326B339E8444 /* Vigil */ = {
			isa = PBXGroup;
			children = (
				E13625EA1478DFCAD6D22579 /* App */,
				1BD63CE8560CDF0EAB970434 /* Features */,
				4A659D3912540E80695152E7 /* Models */,
				54EF67625E12CC5BF692B224 /* Resources */,
				F142837B93EF7E5ECFD5769C /* Services */,
			);
			path = Vigil;
			sourceTree = "<group>";
		};
		E13625EA1478DFCAD6D22579 /* App */ = {
			isa = PBXGroup;
			children = (
				4A4A304F0167A7FC4B48DB34 /* AppDelegate.swift */,
				8BE7AFACDF1367EAAFB9AA95 /* AppState.swift */,
				8A364D7F5C528612731088E3 /* VIGApp.swift */,
			);
			path = App;
			sourceTree = "<group>";
		};
		E89845744567BB185C5C8DC3 /* Authentication */ = {
			isa = PBXGroup;
			children = (
				E0B24AB2B19024480B0170E4 /* AuthenticationService.swift */,
				B4757B2F29CD424F8D10C227 /* AuthenticationServiceProtocol.swift */,
			);
			path = Authentication;
			sourceTree = "<group>";
		};
		F142837B93EF7E5ECFD5769C /* Services */ = {
			isa = PBXGroup;
			children = (
				E89845744567BB185C5C8DC3 /* Authentication */,
				C18DDF856543E2805AE09295 /* DisplayManager */,
				950EF132B6196A0A7FC1BA63 /* GlobalShortcut */,
				47C3AC6150A6F96DB2279671 /* InputBlocking */,
				81ED5F54E59304974B3AAD30 /* SleepPrevention */,
			);
			path = Services;
			sourceTree = "<group>";
		};
		FBA6322E9F9D60E2A88DE0BF /* Overlay */ = {
			isa = PBXGroup;
			children = (
				F21D2DEF2214C0236DE61D64 /* ClockView.swift */,
				084827B54EF977EBD8B80524 /* LockBadgeView.swift */,
				935C3F8D0E8BD8DC3C96A9F1 /* OverlayContentView.swift */,
				F5C10E149EC545E37E5171BD /* OverlayWindow.swift */,
				36BAAF83E28B8836AF04BBFA /* UnlockButton.swift */,
				4DC795D3B25CC84B794D2497 /* VisibleLockBadge.swift */,
				01EA2E3505B33036EF402E2E /* Backgrounds */,
			);
			path = Overlay;
			sourceTree = "<group>";
		};
/* End PBXGroup section */

/* Begin PBXNativeTarget section */
		6161E4DB5FF004CE4CB88A49 /* Vigil */ = {
			isa = PBXNativeTarget;
			buildConfigurationList = D98D3580FD17823E379672D1 /* Build configuration list for PBXNativeTarget "Vigil" */;
			buildPhases = (
				1828E97C407825E91C7AC2AC /* Sources */,
				5FFC7C189A36EBACC0770596 /* Resources */,
			);
			buildRules = (
			);
			dependencies = (
			);
			name = Vigil;
			packageProductDependencies = (
			);
			productName = Vigil;
			productReference = B85D36572956AF65600CE196 /* Vigil.app */;
			productType = "com.apple.product-type.application";
		};
		CAA0D9295180AD5DAA3846FA /* VIGTests */ = {
			isa = PBXNativeTarget;
			buildConfigurationList = FB56A765EF1DBF49AA4108A3 /* Build configuration list for PBXNativeTarget "VIGTests" */;
			buildPhases = (
				EA5267B870AB7F6761789592 /* Sources */,
			);
			buildRules = (
			);
			dependencies = (
				B38C14A904C30EC2580D1245 /* PBXTargetDependency */,
			);
			name = VIGTests;
			packageProductDependencies = (
			);
			productName = VIGTests;
			productReference = 912FD6BD1C509153ABF121C3 /* VIGTests.xctest */;
			productType = "com.apple.product-type.bundle.unit-test";
		};
/* End PBXNativeTarget section */

/* Begin PBXProject section */
		2171B6E0E71429C80C35FBE9 /* Project object */ = {
			isa = PBXProject;
			attributes = {
				BuildIndependentTargetsInParallel = YES;
				LastUpgradeCheck = 1430;
				TargetAttributes = {
					6161E4DB5FF004CE4CB88A49 = {
						ProvisioningStyle = Manual;
					};
					CAA0D9295180AD5DAA3846FA = {
						ProvisioningStyle = Manual;
					};
				};
			};
			buildConfigurationList = BDE66036CD536BF92D34583E /* Build configuration list for PBXProject "Vigil" */;
			developmentRegion = en;
			hasScannedForEncodings = 0;
			knownRegions = (
				Base,
				en,
			);
			mainGroup = BDC1E4C65901963933A40496;
			minimizedProjectReferenceProxies = 1;
			preferredProjectObjectVersion = 77;
			productRefGroup = 992B83762E2C36747F2A9A79 /* Products */;
			projectDirPath = "";
			projectRoot = "";
			targets = (
				CAA0D9295180AD5DAA3846FA /* VIGTests */,
				6161E4DB5FF004CE4CB88A49 /* Vigil */,
			);
		};
/* End PBXProject section */

/* Begin PBXResourcesBuildPhase section */
		5FFC7C189A36EBACC0770596 /* Resources */ = {
			isa = PBXResourcesBuildPhase;
			buildActionMask = 2147483647;
			files = (
				3CF567297A751098EDC84345 /* Assets.xcassets in Resources */,
			);
			runOnlyForDeploymentPostprocessing = 0;
		};
/* End PBXResourcesBuildPhase section */

/* Begin PBXSourcesBuildPhase section */
		1828E97C407825E91C7AC2AC /* Sources */ = {
			isa = PBXSourcesBuildPhase;
			buildActionMask = 2147483647;
			files = (
				487E1205647A790B900DEB7E /* AppDelegate.swift in Sources */,
				ACD0A30DAA0BA55759E40A6E /* AppSettings.swift in Sources */,
				1D41F09BAD2A63B00BF51F84 /* AppState.swift in Sources */,
				3BAAA9CC9E1A3DA3B72D49B8 /* AuthenticationService.swift in Sources */,
				9B8102420471740750B3EBFA /* AuthenticationServiceProtocol.swift in Sources */,
				58D7692D4E4A2D9120AD13A8 /* BackgroundView.swift in Sources */,
				18BF9CA0C56CFF496D47AB89 /* BadgePosition.swift in Sources */,
				2B528987611A8F2B5C25BB72 /* BlueGradientBackground.swift in Sources */,
				769681F195B85477D83301F2 /* BlurredSnapshotBackground.swift in Sources */,
				B891A185E37C88BFCDCA38B4 /* ClockView.swift in Sources */,
				81BD78667B56238732983CBB /* DarkDimmedBackground.swift in Sources */,
				9C470D6C4C192F3E9925995F /* DisplayManagerService.swift in Sources */,
				0A0B3543CB349FB0E938DA64 /* DisplayManagerServiceProtocol.swift in Sources */,
				9776E923D1D55A19AEBBB443 /* GlobalShortcutService.swift in Sources */,
				E8B6B71FB048B8CAFDD0B2C6 /* GraphiteGradientBackground.swift in Sources */,
				BE83F4605CAB8CA33514FEB6 /* InputBlockingService.swift in Sources */,
				B998B5C9BB4FEE2021D89594 /* InputBlockingServiceProtocol.swift in Sources */,
				7CF3F0547C7F2314A5284C68 /* LockBadgeView.swift in Sources */,
				C6F2CC3324FFAB05224CD8AB /* LockManager.swift in Sources */,
				9374BD6EEF5CC959F340FA91 /* LockMode.swift in Sources */,
				52D10D58CE824F56B9E00AB3 /* LockState.swift in Sources */,
				8F180F7E4586E23C0CAC607D /* MenuBarView.swift in Sources */,
				93E2507713BCD7E6DACCFEFE /* MinimalBlackBackground.swift in Sources */,
				1741FEAF77971DB08809B891 /* OverlayContentView.swift in Sources */,
				592DCC918A329D69E68A554E /* OverlayStyle.swift in Sources */,
				2EE257DEA0E7C667613FABD8 /* OverlayWindow.swift in Sources */,
				C4334BB0158346CE2AD9499F /* SettingsView.swift in Sources */,
				F80444751D34BEEC6F3DD8B5 /* SleepPreventionService.swift in Sources */,
				9E8F1FEF84EC16C2DC76CB60 /* SleepPreventionServiceProtocol.swift in Sources */,
				CF4D7B488B809603E495B9FD /* UnlockButton.swift in Sources */,
				3770D1AC9654140557D80FBE /* VIGApp.swift in Sources */,
				79B448B4B1E3C00AB25FF781 /* VisibleLockBadge.swift in Sources */,
			);
			runOnlyForDeploymentPostprocessing = 0;
		};
		EA5267B870AB7F6761789592 /* Sources */ = {
			isa = PBXSourcesBuildPhase;
			buildActionMask = 2147483647;
			files = (
				D7C47CA692B74D7D01CDAB74 /* AuthenticationServiceTests.swift in Sources */,
				B1BE8F60165A113DFB791B0A /* CrashRecoveryTests.swift in Sources */,
				D01BB3E4EF9F5E909D0B9DD3 /* DataModelTests.swift in Sources */,
				37760284D5F61566B6CDC204 /* DisplayManagerServiceTests.swift in Sources */,
				7A4A9B19455F964BF4580DB3 /* GlobalShortcutServiceTests.swift in Sources */,
				DEB4EB8F6A0F5BFEE38B4871 /* InputBlockingServiceTests.swift in Sources */,
				56669F2170AB882772BFA5AB /* LockManagerTests.swift in Sources */,
				9EA1907293DA3AD330541E8C /* LockUnlockIntegrationTests.swift in Sources */,
				2D9E363B26FBBCD9BE8FEBAA /* MenuBarViewTests.swift in Sources */,
				DA5006211E4BFB903E8AE097 /* MockAuthenticationService.swift in Sources */,
				894DAAEBF744E7596F065A5F /* MockDisplayManagerService.swift in Sources */,
				882D342FEB94B1CBB8EDF6A2 /* MockInputBlockingService.swift in Sources */,
				DCC0541256F53EE1A17B0BB2 /* MockSleepPreventionService.swift in Sources */,
				E8BE82E0FD40D8742439931B /* SettingsViewTests.swift in Sources */,
				BCD8883A2B9A7C40797E419E /* SleepPreventionServiceTests.swift in Sources */,
				1CEDC21F46344E77055F0413 /* UnlockWiringTests.swift in Sources */,
				71E30E81530C6139211AFF3F /* VIGTests.swift in Sources */,
			);
			runOnlyForDeploymentPostprocessing = 0;
		};
/* End PBXSourcesBuildPhase section */

/* Begin PBXTargetDependency section */
		B38C14A904C30EC2580D1245 /* PBXTargetDependency */ = {
			isa = PBXTargetDependency;
			target = 6161E4DB5FF004CE4CB88A49 /* Vigil */;
			targetProxy = 3F7B1C4C5C3AF800189D0C0C /* PBXContainerItemProxy */;
		};
/* End PBXTargetDependency section */

/* Begin XCBuildConfiguration section */
		3248106B052D0987817AD3DF /* Debug */ = {
			isa = XCBuildConfiguration;
			buildSettings = {
				BUNDLE_LOADER = "$(TEST_HOST)";
				COMBINE_HIDPI_IMAGES = YES;
				GENERATE_INFOPLIST_FILE = YES;
				LD_RUNPATH_SEARCH_PATHS = (
					"$(inherited)",
					"@executable_path/../Frameworks",
					"@loader_path/../Frameworks",
				);
				MACOSX_DEPLOYMENT_TARGET = 15.2;
				PRODUCT_BUNDLE_IDENTIFIER = com.yourname.vigtests;
				SDKROOT = macosx;
				TEST_HOST = "$(BUILT_PRODUCTS_DIR)/Vigil.app/Contents/MacOS/Vigil";
			};
			name = Debug;
		};
		33E59D603E1AB052C033B287 /* Debug */ = {
			isa = XCBuildConfiguration;
			buildSettings = {
				ALWAYS_SEARCH_USER_PATHS = NO;
				CLANG_ANALYZER_NONNULL = YES;
				CLANG_ANALYZER_NUMBER_OBJECT_CONVERSION = YES_AGGRESSIVE;
				CLANG_CXX_LANGUAGE_STANDARD = "gnu++14";
				CLANG_CXX_LIBRARY = "libc++";
				CLANG_ENABLE_MODULES = YES;
				CLANG_ENABLE_OBJC_ARC = YES;
				CLANG_ENABLE_OBJC_WEAK = YES;
				CLANG_WARN_BLOCK_CAPTURE_AUTORELEASING = YES;
				CLANG_WARN_BOOL_CONVERSION = YES;
				CLANG_WARN_COMMA = YES;
				CLANG_WARN_CONSTANT_CONVERSION = YES;
				CLANG_WARN_DEPRECATED_OBJC_IMPLEMENTATIONS = YES;
				CLANG_WARN_DIRECT_OBJC_ISA_USAGE = YES_ERROR;
				CLANG_WARN_DOCUMENTATION_COMMENTS = YES;
				CLANG_WARN_EMPTY_BODY = YES;
				CLANG_WARN_ENUM_CONVERSION = YES;
				CLANG_WARN_INFINITE_RECURSION = YES;
				CLANG_WARN_INT_CONVERSION = YES;
				CLANG_WARN_NON_LITERAL_NULL_CONVERSION = YES;
				CLANG_WARN_OBJC_IMPLICIT_RETAIN_SELF = YES;
				CLANG_WARN_OBJC_LITERAL_CONVERSION = YES;
				CLANG_WARN_OBJC_ROOT_CLASS = YES_ERROR;
				CLANG_WARN_QUOTED_INCLUDE_IN_FRAMEWORK_HEADER = YES;
				CLANG_WARN_RANGE_LOOP_ANALYSIS = YES;
				CLANG_WARN_STRICT_PROTOTYPES = YES;
				CLANG_WARN_SUSPICIOUS_MOVE = YES;
				CLANG_WARN_UNGUARDED_AVAILABILITY = YES_AGGRESSIVE;
				CLANG_WARN_UNREACHABLE_CODE = YES;
				CLANG_WARN__DUPLICATE_METHOD_MATCH = YES;
				CODE_SIGN_IDENTITY = "-";
				CODE_SIGN_STYLE = Manual;
				COPY_PHASE_STRIP = NO;
				DEBUG_INFORMATION_FORMAT = dwarf;
				ENABLE_HARDENED_RUNTIME = YES;
				ENABLE_STRICT_OBJC_MSGSEND = YES;
				ENABLE_TESTABILITY = YES;
				GCC_C_LANGUAGE_STANDARD = gnu11;
				GCC_DYNAMIC_NO_PIC = NO;
				GCC_NO_COMMON_BLOCKS = YES;
				GCC_OPTIMIZATION_LEVEL = 0;
				GCC_PREPROCESSOR_DEFINITIONS = (
					"$(inherited)",
					"DEBUG=1",
				);
				GCC_WARN_64_TO_32_BIT_CONVERSION = YES;
				GCC_WARN_ABOUT_RETURN_TYPE = YES_ERROR;
				GCC_WARN_UNDECLARED_SELECTOR = YES;
				GCC_WARN_UNINITIALIZED_AUTOS = YES_AGGRESSIVE;
				GCC_WARN_UNUSED_FUNCTION = YES;
				GCC_WARN_UNUSED_VARIABLE = YES;
				MACOSX_DEPLOYMENT_TARGET = 15.2;
				MTL_ENABLE_DEBUG_INFO = INCLUDE_SOURCE;
				MTL_FAST_MATH = YES;
				ONLY_ACTIVE_ARCH = YES;
				PRODUCT_NAME = "$(TARGET_NAME)";
				SDKROOT = macosx;
				SWIFT_ACTIVE_COMPILATION_CONDITIONS = DEBUG;
				SWIFT_OPTIMIZATION_LEVEL = "-Onone";
				SWIFT_VERSION = 5.9;
			};
			name = Debug;
		};
		36589C626A6C38B7037E3590 /* Release */ = {
			isa = XCBuildConfiguration;
			buildSettings = {
				BUNDLE_LOADER = "$(TEST_HOST)";
				COMBINE_HIDPI_IMAGES = YES;
				GENERATE_INFOPLIST_FILE = YES;
				LD_RUNPATH_SEARCH_PATHS = (
					"$(inherited)",
					"@executable_path/../Frameworks",
					"@loader_path/../Frameworks",
				);
				MACOSX_DEPLOYMENT_TARGET = 15.2;
				PRODUCT_BUNDLE_IDENTIFIER = com.yourname.vigtests;
				SDKROOT = macosx;
				TEST_HOST = "$(BUILT_PRODUCTS_DIR)/Vigil.app/Contents/MacOS/Vigil";
			};
			name = Release;
		};
		5D105B3329E5907F3DF91873 /* Debug */ = {
			isa = XCBuildConfiguration;
			buildSettings = {
				ASSETCATALOG_COMPILER_APPICON_NAME = AppIcon;
				CODE_SIGN_ENTITLEMENTS = Vigil/Resources/Vigil.entitlements;
				COMBINE_HIDPI_IMAGES = YES;
				INFOPLIST_FILE = Vigil/Resources/Info.plist;
				LD_RUNPATH_SEARCH_PATHS = (
					"$(inherited)",
					"@executable_path/../Frameworks",
				);
				MACOSX_DEPLOYMENT_TARGET = 15.2;
				PRODUCT_BUNDLE_IDENTIFIER = com.yourname.vigil;
				PRODUCT_NAME = Vigil;
				SDKROOT = macosx;
			};
			name = Debug;
		};
		5F14B2D9EE9F478A4B2129C1 /* Release */ = {
			isa = XCBuildConfiguration;
			buildSettings = {
				ASSETCATALOG_COMPILER_APPICON_NAME = AppIcon;
				CODE_SIGN_ENTITLEMENTS = Vigil/Resources/Vigil.entitlements;
				COMBINE_HIDPI_IMAGES = YES;
				INFOPLIST_FILE = Vigil/Resources/Info.plist;
				LD_RUNPATH_SEARCH_PATHS = (
					"$(inherited)",
					"@executable_path/../Frameworks",
				);
				MACOSX_DEPLOYMENT_TARGET = 15.2;
				PRODUCT_BUNDLE_IDENTIFIER = com.yourname.vigil;
				PRODUCT_NAME = Vigil;
				SDKROOT = macosx;
			};
			name = Release;
		};
		642C963C4E0FB2B70D8A83F1 /* Release */ = {
			isa = XCBuildConfiguration;
			buildSettings = {
				ALWAYS_SEARCH_USER_PATHS = NO;
				CLANG_ANALYZER_NONNULL = YES;
				CLANG_ANALYZER_NUMBER_OBJECT_CONVERSION = YES_AGGRESSIVE;
				CLANG_CXX_LANGUAGE_STANDARD = "gnu++14";
				CLANG_CXX_LIBRARY = "libc++";
				CLANG_ENABLE_MODULES = YES;
				CLANG_ENABLE_OBJC_ARC = YES;
				CLANG_ENABLE_OBJC_WEAK = YES;
				CLANG_WARN_BLOCK_CAPTURE_AUTORELEASING = YES;
				CLANG_WARN_BOOL_CONVERSION = YES;
				CLANG_WARN_COMMA = YES;
				CLANG_WARN_CONSTANT_CONVERSION = YES;
				CLANG_WARN_DEPRECATED_OBJC_IMPLEMENTATIONS = YES;
				CLANG_WARN_DIRECT_OBJC_ISA_USAGE = YES_ERROR;
				CLANG_WARN_DOCUMENTATION_COMMENTS = YES;
				CLANG_WARN_EMPTY_BODY = YES;
				CLANG_WARN_ENUM_CONVERSION = YES;
				CLANG_WARN_INFINITE_RECURSION = YES;
				CLANG_WARN_INT_CONVERSION = YES;
				CLANG_WARN_NON_LITERAL_NULL_CONVERSION = YES;
				CLANG_WARN_OBJC_IMPLICIT_RETAIN_SELF = YES;
				CLANG_WARN_OBJC_LITERAL_CONVERSION = YES;
				CLANG_WARN_OBJC_ROOT_CLASS = YES_ERROR;
				CLANG_WARN_QUOTED_INCLUDE_IN_FRAMEWORK_HEADER = YES;
				CLANG_WARN_RANGE_LOOP_ANALYSIS = YES;
				CLANG_WARN_STRICT_PROTOTYPES = YES;
				CLANG_WARN_SUSPICIOUS_MOVE = YES;
				CLANG_WARN_UNGUARDED_AVAILABILITY = YES_AGGRESSIVE;
				CLANG_WARN_UNREACHABLE_CODE = YES;
				CLANG_WARN__DUPLICATE_METHOD_MATCH = YES;
				CODE_SIGN_IDENTITY = "-";
				CODE_SIGN_STYLE = Manual;
				COPY_PHASE_STRIP = NO;
				DEBUG_INFORMATION_FORMAT = "dwarf-with-dsym";
				ENABLE_HARDENED_RUNTIME = YES;
				ENABLE_NS_ASSERTIONS = NO;
				ENABLE_STRICT_OBJC_MSGSEND = YES;
				GCC_C_LANGUAGE_STANDARD = gnu11;
				GCC_NO_COMMON_BLOCKS = YES;
				GCC_WARN_64_TO_32_BIT_CONVERSION = YES;
				GCC_WARN_ABOUT_RETURN_TYPE = YES_ERROR;
				GCC_WARN_UNDECLARED_SELECTOR = YES;
				GCC_WARN_UNINITIALIZED_AUTOS = YES_AGGRESSIVE;
				GCC_WARN_UNUSED_FUNCTION = YES;
				GCC_WARN_UNUSED_VARIABLE = YES;
				MACOSX_DEPLOYMENT_TARGET = 15.2;
				MTL_ENABLE_DEBUG_INFO = NO;
				MTL_FAST_MATH = YES;
				PRODUCT_NAME = "$(TARGET_NAME)";
				SDKROOT = macosx;
				SWIFT_COMPILATION_MODE = wholemodule;
				SWIFT_OPTIMIZATION_LEVEL = "-O";
				SWIFT_VERSION = 5.9;
			};
			name = Release;
		};
/* End XCBuildConfiguration section */

/* Begin XCConfigurationList section */
		BDE66036CD536BF92D34583E /* Build configuration list for PBXProject "Vigil" */ = {
			isa = XCConfigurationList;
			buildConfigurations = (
				33E59D603E1AB052C033B287 /* Debug */,
				642C963C4E0FB2B70D8A83F1 /* Release */,
			);
			defaultConfigurationIsVisible = 0;
			defaultConfigurationName = Debug;
		};
		D98D3580FD17823E379672D1 /* Build configuration list for PBXNativeTarget "Vigil" */ = {
			isa = XCConfigurationList;
			buildConfigurations = (
				5D105B3329E5907F3DF91873 /* Debug */,
				5F14B2D9EE9F478A4B2129C1 /* Release */,
			);
			defaultConfigurationIsVisible = 0;
			defaultConfigurationName = Debug;
		};
		FB56A765EF1DBF49AA4108A3 /* Build configuration list for PBXNativeTarget "VIGTests" */ = {
			isa = XCConfigurationList;
			buildConfigurations = (
				3248106B052D0987817AD3DF /* Debug */,
				36589C626A6C38B7037E3590 /* Release */,
			);
			defaultConfigurationIsVisible = 0;
			defaultConfigurationName = Debug;
		};
/* End XCConfigurationList section */
	};
	rootObject = 2171B6E0E71429C80C35FBE9 /* Project object */;
}
